
Microsoft Visual Studio Solution File, Format Version 12.00
Project("{FAE04EC0-301F-11D3-BF4B-00C04F79EFBC}") = "OpenGameSocial", "OpenGameSocial\OpenGameSocial.csproj", "{F099E066-7757-43E4-B75F-742C78795CF2}"
EndProject
Project("{FAE04EC0-301F-11D3-BF4B-00C04F79EFBC}") = "OpenGameSocial.Core", "OpenGameSocial.Core\OpenGameSocial.Core.csproj", "{B1C59403-06A7-48D1-B0F3-A640A80D0DA6}"
EndProject
Project("{FAE04EC0-301F-11D3-BF4B-00C04F79EFBC}") = "OpenGameSocial.TestApp", "OpenGameSocial.TestApp\OpenGameSocial.TestApp.csproj", "{917D9F4D-BD26-4E24-A639-9B3968A82462}"
EndProject
Global
	GlobalSection(SolutionConfigurationPlatforms) = preSolution
		Debug|Any CPU = Debug|Any CPU
		Release|Any CPU = Release|Any CPU
	EndGlobalSection
	GlobalSection(ProjectConfigurationPlatforms) = postSolution
		{F099E066-7757-43E4-B75F-742C78795CF2}.Debug|Any CPU.ActiveCfg = Debug|Any CPU
		{F099E066-7757-43E4-B75F-742C78795CF2}.Debug|Any CPU.Build.0 = Debug|Any CPU
		{F099E066-7757-43E4-B75F-742C78795CF2}.Release|Any CPU.ActiveCfg = Release|Any CPU
		{F099E066-7757-43E4-B75F-742C78795CF2}.Release|Any CPU.Build.0 = Release|Any CPU
		{B1C59403-06A7-48D1-B0F3-A640A80D0DA6}.Debug|Any CPU.ActiveCfg = Debug|Any CPU
		{B1C59403-06A7-48D1-B0F3-A640A80D0DA6}.Debug|Any CPU.Build.0 = Debug|Any CPU
		{B1C59403-06A7-48D1-B0F3-A640A80D0DA6}.Release|Any CPU.ActiveCfg = Release|Any CPU
		{B1C59403-06A7-48D1-B0F3-A640A80D0DA6}.Release|Any CPU.Build.0 = Release|Any CPU
		{917D9F4D-BD26-4E24-A639-9B3968A82462}.Debug|Any CPU.ActiveCfg = Debug|Any CPU
		{917D9F4D-BD26-4E24-A639-9B3968A82462}.Debug|Any CPU.Build.0 = Debug|Any CPU
		{917D9F4D-BD26-4E24-A639-9B3968A82462}.Release|Any CPU.ActiveCfg = Release|Any CPU
		{917D9F4D-BD26-4E24-A639-9B3968A82462}.Release|Any CPU.Build.0 = Release|Any CPU
	EndGlobalSection
EndGlobal
