
Microsoft Visual Studio Solution File, Format Version 12.00
Project("{FAE04EC0-301F-11D3-BF4B-00C04F79EFBC}") = "OpenGameSocial", "OpenGameSocial\OpenGameSocial.csproj", "{F099E066-7757-43E4-B75F-742C78795CF2}"
EndProject
Project("{FAE04EC0-301F-11D3-BF4B-00C04F79EFBC}") = "OpenGameSocial.Core", "OpenGameSocial.Core\OpenGameSocial.Core.csproj", "{B1C59403-06A7-48D1-B0F3-A640A80D0DA6}"
EndProject
Project("{FAE04EC0-301F-11D3-BF4B-00C04F79EFBC}") = "OpenGameSocial.GameApi", "OpenGameSocial.GameApi\OpenGameSocial.GameApi.csproj", "{10E5220C-276F-4E52-9E78-7F7709F45C31}"
EndProject
Project("{FAE04EC0-301F-11D3-BF4B-00C04F79EFBC}") = "OpenGameSocial.Abstractions", "OpenGameSocial.Abstractions\OpenGameSocial.Abstractions.csproj", "{E28DBC18-7F50-4C5B-A86F-EE19CB4B5A37}"
EndProject
Project("{2150E333-8FDC-42A3-9474-1A3956D46DE8}") = "Services", "Services", "{772A86FC-B6A5-4104-8E4F-0D17F679EDE1}"
EndProject
Project("{2150E333-8FDC-42A3-9474-1A3956D46DE8}") = "Adapters", "Adapters", "{250CBC68-CE39-410B-8B57-3E707E8F420B}"
EndProject
Project("{FAE04EC0-301F-11D3-BF4B-00C04F79EFBC}") = "OpenGameSocial.AccountService", "OpenGameSocial.AccountService\OpenGameSocial.AccountService.csproj", "{F199E402-30DD-4396-A48F-8B0E0BF739A8}"
EndProject
Project("{2150E333-8FDC-42A3-9474-1A3956D46DE8}") = "Plugins", "Plugins", "{E0DF2652-5348-451A-BA1D-D521FF5AF840}"
EndProject
Project("{FAE04EC0-301F-11D3-BF4B-00C04F79EFBC}") = "OpenGameSocial.CodeGen", "OpenGameSocial.CodeGen\OpenGameSocial.CodeGen.csproj", "{3244EB62-A8AA-495E-859E-0A4F121287AB}"
EndProject
Global
	GlobalSection(SolutionConfigurationPlatforms) = preSolution
		WebAPI Release|Any CPU = WebAPI Release|Any CPU
		WebAPI Debug|Any CPU = WebAPI Debug|Any CPU
		Azure InProcess Debug|Any CPU = Azure InProcess Debug|Any CPU
		Azure InProcess Release|Any CPU = Azure InProcess Release|Any CPU
		Azure Isolated Debug|Any CPU = Azure Isolated Debug|Any CPU
		Azure Isolated Release|Any CPU = Azure Isolated Release|Any CPU
	EndGlobalSection
	GlobalSection(ProjectConfigurationPlatforms) = postSolution
		{F099E066-7757-43E4-B75F-742C78795CF2}.WebAPI Release|Any CPU.ActiveCfg = WebAPI Release|Any CPU
		{F099E066-7757-43E4-B75F-742C78795CF2}.WebAPI Release|Any CPU.Build.0 = WebAPI Release|Any CPU
		{F099E066-7757-43E4-B75F-742C78795CF2}.WebAPI Debug|Any CPU.ActiveCfg = WebAPI Debug|Any CPU
		{F099E066-7757-43E4-B75F-742C78795CF2}.WebAPI Debug|Any CPU.Build.0 = WebAPI Debug|Any CPU
		{F099E066-7757-43E4-B75F-742C78795CF2}.Azure InProcess Debug|Any CPU.ActiveCfg = Azure InProcess Debug|Any CPU
		{F099E066-7757-43E4-B75F-742C78795CF2}.Azure InProcess Debug|Any CPU.Build.0 = Azure InProcess Debug|Any CPU
		{F099E066-7757-43E4-B75F-742C78795CF2}.Azure InProcess Release|Any CPU.ActiveCfg = Azure InProcess Release|Any CPU
		{F099E066-7757-43E4-B75F-742C78795CF2}.Azure InProcess Release|Any CPU.Build.0 = Azure InProcess Release|Any CPU
		{F099E066-7757-43E4-B75F-742C78795CF2}.Azure Isolated Debug|Any CPU.ActiveCfg = Azure Isolated Debug|Any CPU
		{F099E066-7757-43E4-B75F-742C78795CF2}.Azure Isolated Debug|Any CPU.Build.0 = Azure Isolated Debug|Any CPU
		{F099E066-7757-43E4-B75F-742C78795CF2}.Azure Isolated Release|Any CPU.ActiveCfg = Azure Isolated Release|Any CPU
		{F099E066-7757-43E4-B75F-742C78795CF2}.Azure Isolated Release|Any CPU.Build.0 = Azure Isolated Release|Any CPU
		{E28DBC18-7F50-4C5B-A86F-EE19CB4B5A37}.WebAPI Release|Any CPU.ActiveCfg = WebAPI Release|Any CPU
		{E28DBC18-7F50-4C5B-A86F-EE19CB4B5A37}.WebAPI Release|Any CPU.Build.0 = WebAPI Release|Any CPU
		{E28DBC18-7F50-4C5B-A86F-EE19CB4B5A37}.WebAPI Debug|Any CPU.ActiveCfg = WebAPI Debug|Any CPU
		{E28DBC18-7F50-4C5B-A86F-EE19CB4B5A37}.WebAPI Debug|Any CPU.Build.0 = WebAPI Debug|Any CPU
		{E28DBC18-7F50-4C5B-A86F-EE19CB4B5A37}.Azure InProcess Debug|Any CPU.ActiveCfg = Azure InProcess Debug|Any CPU
		{E28DBC18-7F50-4C5B-A86F-EE19CB4B5A37}.Azure InProcess Debug|Any CPU.Build.0 = Azure InProcess Debug|Any CPU
		{E28DBC18-7F50-4C5B-A86F-EE19CB4B5A37}.Azure InProcess Release|Any CPU.ActiveCfg = Azure InProcess Release|Any CPU
		{E28DBC18-7F50-4C5B-A86F-EE19CB4B5A37}.Azure InProcess Release|Any CPU.Build.0 = Azure InProcess Release|Any CPU
		{E28DBC18-7F50-4C5B-A86F-EE19CB4B5A37}.Azure Isolated Debug|Any CPU.ActiveCfg = Azure Isolated Debug|Any CPU
		{E28DBC18-7F50-4C5B-A86F-EE19CB4B5A37}.Azure Isolated Debug|Any CPU.Build.0 = Azure Isolated Debug|Any CPU
		{E28DBC18-7F50-4C5B-A86F-EE19CB4B5A37}.Azure Isolated Release|Any CPU.ActiveCfg = Azure Isolated Release|Any CPU
		{E28DBC18-7F50-4C5B-A86F-EE19CB4B5A37}.Azure Isolated Release|Any CPU.Build.0 = Azure Isolated Release|Any CPU
		{B1C59403-06A7-48D1-B0F3-A640A80D0DA6}.WebAPI Release|Any CPU.ActiveCfg = WebAPI Release|Any CPU
		{B1C59403-06A7-48D1-B0F3-A640A80D0DA6}.WebAPI Release|Any CPU.Build.0 = WebAPI Release|Any CPU
		{B1C59403-06A7-48D1-B0F3-A640A80D0DA6}.WebAPI Debug|Any CPU.ActiveCfg = WebAPI Debug|Any CPU
		{B1C59403-06A7-48D1-B0F3-A640A80D0DA6}.WebAPI Debug|Any CPU.Build.0 = WebAPI Debug|Any CPU
		{B1C59403-06A7-48D1-B0F3-A640A80D0DA6}.Azure InProcess Debug|Any CPU.ActiveCfg = Azure InProcess Debug|Any CPU
		{B1C59403-06A7-48D1-B0F3-A640A80D0DA6}.Azure InProcess Debug|Any CPU.Build.0 = Azure InProcess Debug|Any CPU
		{B1C59403-06A7-48D1-B0F3-A640A80D0DA6}.Azure InProcess Release|Any CPU.ActiveCfg = Azure InProcess Release|Any CPU
		{B1C59403-06A7-48D1-B0F3-A640A80D0DA6}.Azure InProcess Release|Any CPU.Build.0 = Azure InProcess Release|Any CPU
		{B1C59403-06A7-48D1-B0F3-A640A80D0DA6}.Azure Isolated Debug|Any CPU.ActiveCfg = Azure Isolated Debug|Any CPU
		{B1C59403-06A7-48D1-B0F3-A640A80D0DA6}.Azure Isolated Debug|Any CPU.Build.0 = Azure Isolated Debug|Any CPU
		{B1C59403-06A7-48D1-B0F3-A640A80D0DA6}.Azure Isolated Release|Any CPU.ActiveCfg = Azure Isolated Release|Any CPU
		{B1C59403-06A7-48D1-B0F3-A640A80D0DA6}.Azure Isolated Release|Any CPU.Build.0 = Azure Isolated Release|Any CPU
		{10E5220C-276F-4E52-9E78-7F7709F45C31}.WebAPI Release|Any CPU.ActiveCfg = WebAPI Release|Any CPU
		{10E5220C-276F-4E52-9E78-7F7709F45C31}.WebAPI Release|Any CPU.Build.0 = WebAPI Release|Any CPU
		{10E5220C-276F-4E52-9E78-7F7709F45C31}.WebAPI Debug|Any CPU.ActiveCfg = WebAPI Debug|Any CPU
		{10E5220C-276F-4E52-9E78-7F7709F45C31}.WebAPI Debug|Any CPU.Build.0 = WebAPI Debug|Any CPU
		{10E5220C-276F-4E52-9E78-7F7709F45C31}.Azure InProcess Debug|Any CPU.ActiveCfg = Azure InProcess Debug|Any CPU
		{10E5220C-276F-4E52-9E78-7F7709F45C31}.Azure InProcess Debug|Any CPU.Build.0 = Azure InProcess Debug|Any CPU
		{10E5220C-276F-4E52-9E78-7F7709F45C31}.Azure InProcess Release|Any CPU.ActiveCfg = Azure InProcess Release|Any CPU
		{10E5220C-276F-4E52-9E78-7F7709F45C31}.Azure InProcess Release|Any CPU.Build.0 = Azure InProcess Release|Any CPU
		{10E5220C-276F-4E52-9E78-7F7709F45C31}.Azure Isolated Debug|Any CPU.ActiveCfg = Azure Isolated Debug|Any CPU
		{10E5220C-276F-4E52-9E78-7F7709F45C31}.Azure Isolated Debug|Any CPU.Build.0 = Azure Isolated Debug|Any CPU
		{10E5220C-276F-4E52-9E78-7F7709F45C31}.Azure Isolated Release|Any CPU.ActiveCfg = Azure Isolated Release|Any CPU
		{10E5220C-276F-4E52-9E78-7F7709F45C31}.Azure Isolated Release|Any CPU.Build.0 = Azure Isolated Release|Any CPU
		{F199E402-30DD-4396-A48F-8B0E0BF739A8}.WebAPI Release|Any CPU.ActiveCfg = Debug|Any CPU
		{F199E402-30DD-4396-A48F-8B0E0BF739A8}.WebAPI Release|Any CPU.Build.0 = Debug|Any CPU
		{F199E402-30DD-4396-A48F-8B0E0BF739A8}.WebAPI Debug|Any CPU.ActiveCfg = Debug|Any CPU
		{F199E402-30DD-4396-A48F-8B0E0BF739A8}.WebAPI Debug|Any CPU.Build.0 = Debug|Any CPU
		{F199E402-30DD-4396-A48F-8B0E0BF739A8}.Azure InProcess Debug|Any CPU.ActiveCfg = Debug|Any CPU
		{F199E402-30DD-4396-A48F-8B0E0BF739A8}.Azure InProcess Debug|Any CPU.Build.0 = Debug|Any CPU
		{F199E402-30DD-4396-A48F-8B0E0BF739A8}.Azure InProcess Release|Any CPU.ActiveCfg = Debug|Any CPU
		{F199E402-30DD-4396-A48F-8B0E0BF739A8}.Azure InProcess Release|Any CPU.Build.0 = Debug|Any CPU
		{F199E402-30DD-4396-A48F-8B0E0BF739A8}.Azure Isolated Debug|Any CPU.ActiveCfg = Debug|Any CPU
		{F199E402-30DD-4396-A48F-8B0E0BF739A8}.Azure Isolated Debug|Any CPU.Build.0 = Debug|Any CPU
		{F199E402-30DD-4396-A48F-8B0E0BF739A8}.Azure Isolated Release|Any CPU.ActiveCfg = Debug|Any CPU
		{F199E402-30DD-4396-A48F-8B0E0BF739A8}.Azure Isolated Release|Any CPU.Build.0 = Debug|Any CPU
		{3244EB62-A8AA-495E-859E-0A4F121287AB}.WebAPI Release|Any CPU.ActiveCfg = Debug|Any CPU
		{3244EB62-A8AA-495E-859E-0A4F121287AB}.WebAPI Release|Any CPU.Build.0 = Debug|Any CPU
		{3244EB62-A8AA-495E-859E-0A4F121287AB}.WebAPI Debug|Any CPU.ActiveCfg = Debug|Any CPU
		{3244EB62-A8AA-495E-859E-0A4F121287AB}.WebAPI Debug|Any CPU.Build.0 = Debug|Any CPU
		{3244EB62-A8AA-495E-859E-0A4F121287AB}.Azure InProcess Debug|Any CPU.ActiveCfg = Debug|Any CPU
		{3244EB62-A8AA-495E-859E-0A4F121287AB}.Azure InProcess Debug|Any CPU.Build.0 = Debug|Any CPU
		{3244EB62-A8AA-495E-859E-0A4F121287AB}.Azure InProcess Release|Any CPU.ActiveCfg = Debug|Any CPU
		{3244EB62-A8AA-495E-859E-0A4F121287AB}.Azure InProcess Release|Any CPU.Build.0 = Debug|Any CPU
		{3244EB62-A8AA-495E-859E-0A4F121287AB}.Azure Isolated Debug|Any CPU.ActiveCfg = Debug|Any CPU
		{3244EB62-A8AA-495E-859E-0A4F121287AB}.Azure Isolated Debug|Any CPU.Build.0 = Debug|Any CPU
		{3244EB62-A8AA-495E-859E-0A4F121287AB}.Azure Isolated Release|Any CPU.ActiveCfg = Debug|Any CPU
		{3244EB62-A8AA-495E-859E-0A4F121287AB}.Azure Isolated Release|Any CPU.Build.0 = Debug|Any CPU
	EndGlobalSection
	GlobalSection(NestedProjects) = preSolution
		{F199E402-30DD-4396-A48F-8B0E0BF739A8} = {772A86FC-B6A5-4104-8E4F-0D17F679EDE1}
	EndGlobalSection
EndGlobal
